{
  "version": 4,
  "terraform_version": "1.1.9",
  "serial": 35,
  "lineage": "2f62dd56-64ff-5c01-d909-c6a86ec49004",
  "outputs": {},
  "resources": [
    {
      "mode": "data",
      "type": "google_project",
      "name": "current_project",
      "provider": "provider[\"registry.terraform.io/hashicorp/google\"]",
      "instances": [
        {
          "schema_version": 0,
          "attributes": {
            "auto_create_network": null,
            "billing_account": "01D520-0234E5-B62010",
            "folder_id": "",
            "id": "projects/pa-cons-swe-de-2022-mll03",
            "labels": {},
            "name": "pa-cons-swe-de-2022-mll03",
            "number": "127052457882",
            "org_id": "133988432162",
            "project_id": "pa-cons-swe-de-2022-mll03",
            "skip_delete": null
          },
          "sensitive_attributes": []
        }
      ]
    },
    {
      "mode": "managed",
      "type": "google_project_iam_binding",
      "name": "dataflow_admin",
      "provider": "provider[\"registry.terraform.io/hashicorp/google\"]",
      "instances": [
        {
          "schema_version": 0,
          "attributes": {
            "condition": [],
            "etag": "BwXs+nxtDhg=",
            "id": "projects/pa-cons-swe-de-2022-mll03/roles/dataflow.admin",
            "members": [
              "serviceAccount:svc-application-deployment@pa-cons-swe-de-2022-mll03.iam.gserviceaccount.com"
            ],
            "project": "projects/pa-cons-swe-de-2022-mll03",
            "role": "roles/dataflow.admin"
          },
          "sensitive_attributes": [],
          "private": "bnVsbA==",
          "dependencies": [
            "data.google_project.current_project",
            "google_service_account.svc_github_action_application_deployment"
          ]
        }
      ]
    },
    {
      "mode": "managed",
      "type": "google_project_iam_binding",
      "name": "dataflow_worker",
      "provider": "provider[\"registry.terraform.io/hashicorp/google\"]",
      "instances": [
        {
          "schema_version": 0,
          "attributes": {
            "condition": [],
            "etag": "BwXs+nxtDhg=",
            "id": "projects/pa-cons-swe-de-2022-mll03/roles/dataflow.worker",
            "members": [
              "serviceAccount:svc-dataflow-worker@pa-cons-swe-de-2022-mll03.iam.gserviceaccount.com"
            ],
            "project": "projects/pa-cons-swe-de-2022-mll03",
            "role": "roles/dataflow.worker"
          },
          "sensitive_attributes": [],
          "private": "bnVsbA==",
          "dependencies": [
            "data.google_project.current_project",
            "google_service_account.svc_dataflow_worker"
          ]
        }
      ]
    },
    {
      "mode": "managed",
      "type": "google_project_iam_binding",
      "name": "pubsub_editor",
      "provider": "provider[\"registry.terraform.io/hashicorp/google\"]",
      "instances": [
        {
          "schema_version": 0,
          "attributes": {
            "condition": [],
            "etag": "BwXs+nxtDhg=",
            "id": "projects/pa-cons-swe-de-2022-mll03/roles/pubsub.editor",
            "members": [
              "serviceAccount:svc-application-deployment@pa-cons-swe-de-2022-mll03.iam.gserviceaccount.com"
            ],
            "project": "projects/pa-cons-swe-de-2022-mll03",
            "role": "roles/pubsub.editor"
          },
          "sensitive_attributes": [],
          "private": "bnVsbA==",
          "dependencies": [
            "data.google_project.current_project",
            "google_service_account.svc_github_action_application_deployment"
          ]
        }
      ]
    },
    {
      "mode": "managed",
      "type": "google_project_iam_binding",
      "name": "secretmanager_admin",
      "provider": "provider[\"registry.terraform.io/hashicorp/google\"]",
      "instances": [
        {
          "schema_version": 0,
          "attributes": {
            "condition": [],
            "etag": "BwXs+nxtDhg=",
            "id": "projects/pa-cons-swe-de-2022-mll03/roles/secretmanager.admin",
            "members": [
              "serviceAccount:svc-application-deployment@pa-cons-swe-de-2022-mll03.iam.gserviceaccount.com"
            ],
            "project": "projects/pa-cons-swe-de-2022-mll03",
            "role": "roles/secretmanager.admin"
          },
          "sensitive_attributes": [],
          "private": "bnVsbA==",
          "dependencies": [
            "data.google_project.current_project",
            "google_service_account.svc_github_action_application_deployment"
          ]
        }
      ]
    },
    {
      "mode": "managed",
      "type": "google_project_iam_member",
      "name": "svc_github_storage_admin",
      "provider": "provider[\"registry.terraform.io/hashicorp/google\"]",
      "instances": [
        {
          "schema_version": 0,
          "attributes": {
            "condition": [],
            "etag": "BwXs+nxtDhg=",
            "id": "projects/pa-cons-swe-de-2022-mll03/roles/storage.admin/serviceAccount:svc-application-deployment@pa-cons-swe-de-2022-mll03.iam.gserviceaccount.com",
            "member": "serviceAccount:svc-application-deployment@pa-cons-swe-de-2022-mll03.iam.gserviceaccount.com",
            "project": "projects/pa-cons-swe-de-2022-mll03",
            "role": "roles/storage.admin"
          },
          "sensitive_attributes": [],
          "private": "bnVsbA==",
          "dependencies": [
            "data.google_project.current_project",
            "google_service_account.svc_github_action_application_deployment"
          ]
        }
      ]
    },
    {
      "mode": "managed",
      "type": "google_service_account",
      "name": "svc_data_lake_producer",
      "provider": "provider[\"registry.terraform.io/hashicorp/google\"]",
      "instances": [
        {
          "schema_version": 0,
          "attributes": {
            "account_id": "svc-data-lake-producer",
            "description": "",
            "disabled": false,
            "display_name": "",
            "email": "svc-data-lake-producer@pa-cons-swe-de-2022-mll03.iam.gserviceaccount.com",
            "id": "projects/pa-cons-swe-de-2022-mll03/serviceAccounts/svc-data-lake-producer@pa-cons-swe-de-2022-mll03.iam.gserviceaccount.com",
            "member": "serviceAccount:svc-data-lake-producer@pa-cons-swe-de-2022-mll03.iam.gserviceaccount.com",
            "name": "projects/pa-cons-swe-de-2022-mll03/serviceAccounts/svc-data-lake-producer@pa-cons-swe-de-2022-mll03.iam.gserviceaccount.com",
            "project": "pa-cons-swe-de-2022-mll03",
            "timeouts": null,
            "unique_id": "112819920983139330712"
          },
          "sensitive_attributes": [],
          "private": "eyJlMmJmYjczMC1lY2FhLTExZTYtOGY4OC0zNDM2M2JjN2M0YzAiOnsiY3JlYXRlIjozMDAwMDAwMDAwMDB9fQ=="
        }
      ]
    },
    {
      "mode": "managed",
      "type": "google_service_account",
      "name": "svc_dataflow_worker",
      "provider": "provider[\"registry.terraform.io/hashicorp/google\"]",
      "instances": [
        {
          "schema_version": 0,
          "attributes": {
            "account_id": "svc-dataflow-worker",
            "description": "",
            "disabled": false,
            "display_name": "",
            "email": "svc-dataflow-worker@pa-cons-swe-de-2022-mll03.iam.gserviceaccount.com",
            "id": "projects/pa-cons-swe-de-2022-mll03/serviceAccounts/svc-dataflow-worker@pa-cons-swe-de-2022-mll03.iam.gserviceaccount.com",
            "member": "serviceAccount:svc-dataflow-worker@pa-cons-swe-de-2022-mll03.iam.gserviceaccount.com",
            "name": "projects/pa-cons-swe-de-2022-mll03/serviceAccounts/svc-dataflow-worker@pa-cons-swe-de-2022-mll03.iam.gserviceaccount.com",
            "project": "pa-cons-swe-de-2022-mll03",
            "timeouts": null,
            "unique_id": "111629962602599374051"
          },
          "sensitive_attributes": [],
          "private": "eyJlMmJmYjczMC1lY2FhLTExZTYtOGY4OC0zNDM2M2JjN2M0YzAiOnsiY3JlYXRlIjozMDAwMDAwMDAwMDB9fQ=="
        }
      ]
    },
    {
      "mode": "managed",
      "type": "google_service_account",
      "name": "svc_github_action_application_deployment",
      "provider": "provider[\"registry.terraform.io/hashicorp/google\"]",
      "instances": [
        {
          "schema_version": 0,
          "attributes": {
            "account_id": "svc-application-deployment",
            "description": "",
            "disabled": false,
            "display_name": "",
            "email": "svc-application-deployment@pa-cons-swe-de-2022-mll03.iam.gserviceaccount.com",
            "id": "projects/pa-cons-swe-de-2022-mll03/serviceAccounts/svc-application-deployment@pa-cons-swe-de-2022-mll03.iam.gserviceaccount.com",
            "member": "serviceAccount:svc-application-deployment@pa-cons-swe-de-2022-mll03.iam.gserviceaccount.com",
            "name": "projects/pa-cons-swe-de-2022-mll03/serviceAccounts/svc-application-deployment@pa-cons-swe-de-2022-mll03.iam.gserviceaccount.com",
            "project": "pa-cons-swe-de-2022-mll03",
            "timeouts": null,
            "unique_id": "101544270588521093273"
          },
          "sensitive_attributes": [],
          "private": "eyJlMmJmYjczMC1lY2FhLTExZTYtOGY4OC0zNDM2M2JjN2M0YzAiOnsiY3JlYXRlIjozMDAwMDAwMDAwMDB9fQ=="
        }
      ]
    },
    {
      "mode": "managed",
      "type": "google_service_account_iam_binding",
      "name": "svc_dataflow_worker_user",
      "provider": "provider[\"registry.terraform.io/hashicorp/google\"]",
      "instances": [
        {
          "schema_version": 0,
          "attributes": {
            "condition": [],
            "etag": "BwXs+nxAw3k=",
            "id": "projects/pa-cons-swe-de-2022-mll03/serviceAccounts/svc-dataflow-worker@pa-cons-swe-de-2022-mll03.iam.gserviceaccount.com/roles/iam.serviceAccountUser",
            "members": [
              "serviceAccount:svc-application-deployment@pa-cons-swe-de-2022-mll03.iam.gserviceaccount.com"
            ],
            "role": "roles/iam.serviceAccountUser",
            "service_account_id": "projects/pa-cons-swe-de-2022-mll03/serviceAccounts/svc-dataflow-worker@pa-cons-swe-de-2022-mll03.iam.gserviceaccount.com"
          },
          "sensitive_attributes": [],
          "private": "bnVsbA==",
          "dependencies": [
            "google_service_account.svc_dataflow_worker",
            "google_service_account.svc_github_action_application_deployment"
          ]
        }
      ]
    },
    {
      "module": "module.bucket_dataflow_temp",
      "mode": "data",
      "type": "google_iam_policy",
      "name": "policy",
      "provider": "provider[\"registry.terraform.io/hashicorp/google\"]",
      "instances": [
        {
          "schema_version": 0,
          "attributes": {
            "audit_config": null,
            "binding": [
              {
                "condition": [],
                "members": [
                  "serviceAccount:svc-application-deployment@pa-cons-swe-de-2022-mll03.iam.gserviceaccount.com",
                  "serviceAccount:svc-dataflow-worker@pa-cons-swe-de-2022-mll03.iam.gserviceaccount.com"
                ],
                "role": "roles/storage.objectAdmin"
              },
              {
                "condition": [],
                "members": [],
                "role": "roles/storage.admin"
              },
              {
                "condition": [],
                "members": [],
                "role": "roles/storage.objectViewer"
              }
            ],
            "id": "3821616496",
            "policy_data": "{\"bindings\":[{\"role\":\"roles/storage.admin\"},{\"members\":[\"serviceAccount:svc-application-deployment@pa-cons-swe-de-2022-mll03.iam.gserviceaccount.com\",\"serviceAccount:svc-dataflow-worker@pa-cons-swe-de-2022-mll03.iam.gserviceaccount.com\"],\"role\":\"roles/storage.objectAdmin\"},{\"role\":\"roles/storage.objectViewer\"}]}"
          },
          "sensitive_attributes": []
        }
      ]
    },
    {
      "module": "module.bucket_dataflow_temp",
      "mode": "data",
      "type": "google_project",
      "name": "current_project",
      "provider": "provider[\"registry.terraform.io/hashicorp/google\"]",
      "instances": [
        {
          "schema_version": 0,
          "attributes": {
            "auto_create_network": null,
            "billing_account": "01D520-0234E5-B62010",
            "folder_id": "",
            "id": "projects/pa-cons-swe-de-2022-mll03",
            "labels": {},
            "name": "pa-cons-swe-de-2022-mll03",
            "number": "127052457882",
            "org_id": "133988432162",
            "project_id": "pa-cons-swe-de-2022-mll03",
            "skip_delete": null
          },
          "sensitive_attributes": []
        }
      ]
    },
    {
      "module": "module.bucket_dataflow_temp",
      "mode": "managed",
      "type": "google_storage_bucket",
      "name": "bucket",
      "provider": "provider[\"registry.terraform.io/hashicorp/google\"]",
      "instances": [
        {
          "schema_version": 0,
          "attributes": {
            "cors": [],
            "custom_placement_config": [],
            "default_event_based_hold": false,
            "encryption": [],
            "force_destroy": false,
            "id": "pa-cons-swe-de-2022-mll03-dataflow-temp",
            "labels": null,
            "lifecycle_rule": [],
            "location": "EU",
            "logging": [],
            "name": "pa-cons-swe-de-2022-mll03-dataflow-temp",
            "project": "pa-cons-swe-de-2022-mll03",
            "public_access_prevention": "inherited",
            "requester_pays": false,
            "retention_policy": [],
            "self_link": "https://www.googleapis.com/storage/v1/b/pa-cons-swe-de-2022-mll03-dataflow-temp",
            "storage_class": "STANDARD",
            "timeouts": null,
            "uniform_bucket_level_access": true,
            "url": "gs://pa-cons-swe-de-2022-mll03-dataflow-temp",
            "versioning": [],
            "website": []
          },
          "sensitive_attributes": [],
          "private": "eyJlMmJmYjczMC1lY2FhLTExZTYtOGY4OC0zNDM2M2JjN2M0YzAiOnsiY3JlYXRlIjoyNDAwMDAwMDAwMDAsInJlYWQiOjI0MDAwMDAwMDAwMCwidXBkYXRlIjoyNDAwMDAwMDAwMDB9fQ==",
          "dependencies": [
            "module.bucket_dataflow_temp.data.google_project.current_project"
          ]
        }
      ]
    },
    {
      "module": "module.bucket_dataflow_temp",
      "mode": "managed",
      "type": "google_storage_bucket_iam_policy",
      "name": "policy_mapping",
      "provider": "provider[\"registry.terraform.io/hashicorp/google\"]",
      "instances": [
        {
          "schema_version": 0,
          "attributes": {
            "bucket": "b/pa-cons-swe-de-2022-mll03-dataflow-temp",
            "etag": "CAI=",
            "id": "b/pa-cons-swe-de-2022-mll03-dataflow-temp",
            "policy_data": "{\"bindings\":[{\"members\":[\"serviceAccount:svc-application-deployment@pa-cons-swe-de-2022-mll03.iam.gserviceaccount.com\",\"serviceAccount:svc-dataflow-worker@pa-cons-swe-de-2022-mll03.iam.gserviceaccount.com\"],\"role\":\"roles/storage.objectAdmin\"}]}"
          },
          "sensitive_attributes": [],
          "private": "bnVsbA==",
          "dependencies": [
            "google_service_account.svc_dataflow_worker",
            "google_service_account.svc_github_action_application_deployment",
            "module.bucket_dataflow_temp.data.google_iam_policy.policy",
            "module.bucket_dataflow_temp.data.google_project.current_project",
            "module.bucket_dataflow_temp.google_storage_bucket.bucket"
          ]
        }
      ]
    },
    {
      "module": "module.data_pipeline",
      "mode": "data",
      "type": "google_project",
      "name": "current_project",
      "provider": "provider[\"registry.terraform.io/hashicorp/google\"]",
      "instances": [
        {
          "schema_version": 0,
          "attributes": {
            "auto_create_network": null,
            "billing_account": "01D520-0234E5-B62010",
            "folder_id": "",
            "id": "projects/pa-cons-swe-de-2022-mll03",
            "labels": {},
            "name": "pa-cons-swe-de-2022-mll03",
            "number": "127052457882",
            "org_id": "133988432162",
            "project_id": "pa-cons-swe-de-2022-mll03",
            "skip_delete": null
          },
          "sensitive_attributes": []
        }
      ]
    },
    {
      "module": "module.data_pipeline",
      "mode": "managed",
      "type": "google_bigquery_dataset",
      "name": "datalake_dataset",
      "provider": "provider[\"registry.terraform.io/hashicorp/google\"]",
      "instances": [
        {
          "schema_version": 0,
          "attributes": {
            "access": [
              {
                "dataset": [],
                "domain": "",
                "group_by_email": "",
                "role": "OWNER",
                "special_group": "",
                "user_by_email": "mario.loera@paconsulting.com",
                "view": []
              },
              {
                "dataset": [],
                "domain": "",
                "group_by_email": "",
                "role": "OWNER",
                "special_group": "projectOwners",
                "user_by_email": "",
                "view": []
              },
              {
                "dataset": [],
                "domain": "",
                "group_by_email": "",
                "role": "READER",
                "special_group": "projectReaders",
                "user_by_email": "",
                "view": []
              },
              {
                "dataset": [],
                "domain": "",
                "group_by_email": "",
                "role": "WRITER",
                "special_group": "projectWriters",
                "user_by_email": "",
                "view": []
              }
            ],
            "creation_time": 1667935452012,
            "dataset_id": "data_lake_sysint",
            "default_encryption_configuration": [],
            "default_partition_expiration_ms": 0,
            "default_table_expiration_ms": 0,
            "delete_contents_on_destroy": false,
            "description": "Raw data from the Trustly data ingestion framework",
            "etag": "Wl+E0nQxC4bLEsgltuXCGA==",
            "friendly_name": "",
            "id": "projects/pa-cons-swe-de-2022-mll03/datasets/data_lake_sysint",
            "labels": null,
            "last_modified_time": 1667935452012,
            "location": "EU",
            "max_time_travel_hours": "",
            "project": "pa-cons-swe-de-2022-mll03",
            "self_link": "https://bigquery.googleapis.com/bigquery/v2/projects/pa-cons-swe-de-2022-mll03/datasets/data_lake_sysint",
            "timeouts": null
          },
          "sensitive_attributes": [],
          "private": "eyJlMmJmYjczMC1lY2FhLTExZTYtOGY4OC0zNDM2M2JjN2M0YzAiOnsiY3JlYXRlIjoxMjAwMDAwMDAwMDAwLCJkZWxldGUiOjEyMDAwMDAwMDAwMDAsInVwZGF0ZSI6MTIwMDAwMDAwMDAwMH19"
        }
      ]
    },
    {
      "module": "module.data_pipeline",
      "mode": "managed",
      "type": "google_bigquery_dataset_iam_binding",
      "name": "datalake_dataset_editor_binding",
      "provider": "provider[\"registry.terraform.io/hashicorp/google\"]",
      "instances": [
        {
          "schema_version": 0,
          "attributes": {
            "condition": [],
            "dataset_id": "data_lake_sysint",
            "etag": "",
            "id": "projects/pa-cons-swe-de-2022-mll03/datasets/data_lake_sysint/roles/bigquery.dataEditor",
            "members": [
              "serviceAccount:svc-application-deployment@pa-cons-swe-de-2022-mll03.iam.gserviceaccount.com",
              "serviceAccount:svc-dataflow-worker@pa-cons-swe-de-2022-mll03.iam.gserviceaccount.com"
            ],
            "project": "pa-cons-swe-de-2022-mll03",
            "role": "roles/bigquery.dataEditor"
          },
          "sensitive_attributes": [],
          "private": "bnVsbA==",
          "dependencies": [
            "google_service_account.svc_dataflow_worker",
            "google_service_account.svc_github_action_application_deployment",
            "module.data_pipeline.google_bigquery_dataset.datalake_dataset"
          ]
        }
      ]
    },
    {
      "module": "module.data_pipeline",
      "mode": "managed",
      "type": "google_bigquery_dataset_iam_binding",
      "name": "datalake_dataset_viewer_binding",
      "provider": "provider[\"registry.terraform.io/hashicorp/google\"]",
      "instances": [
        {
          "schema_version": 0,
          "attributes": {
            "condition": [],
            "dataset_id": "data_lake_sysint",
            "etag": null,
            "id": "projects/pa-cons-swe-de-2022-mll03/datasets/data_lake_sysint/roles/bigquery.dataViewer",
            "members": null,
            "project": "pa-cons-swe-de-2022-mll03",
            "role": "roles/bigquery.dataViewer"
          },
          "sensitive_attributes": [],
          "private": "bnVsbA==",
          "dependencies": [
            "module.data_pipeline.google_bigquery_dataset.datalake_dataset"
          ]
        }
      ]
    },
    {
      "module": "module.data_pipeline",
      "mode": "managed",
      "type": "google_compute_network",
      "name": "dataflow_network",
      "provider": "provider[\"registry.terraform.io/hashicorp/google\"]",
      "instances": [
        {
          "schema_version": 0,
          "attributes": {
            "auto_create_subnetworks": false,
            "delete_default_routes_on_create": false,
            "description": "VPC network used for hosting Dataflow workers",
            "enable_ula_internal_ipv6": false,
            "gateway_ipv4": "",
            "id": "projects/pa-cons-swe-de-2022-mll03/global/networks/dataflow-network",
            "internal_ipv6_range": "",
            "mtu": 0,
            "name": "dataflow-network",
            "project": "pa-cons-swe-de-2022-mll03",
            "routing_mode": "REGIONAL",
            "self_link": "https://www.googleapis.com/compute/v1/projects/pa-cons-swe-de-2022-mll03/global/networks/dataflow-network",
            "timeouts": null
          },
          "sensitive_attributes": [],
          "private": "eyJlMmJmYjczMC1lY2FhLTExZTYtOGY4OC0zNDM2M2JjN2M0YzAiOnsiY3JlYXRlIjoxMjAwMDAwMDAwMDAwLCJkZWxldGUiOjEyMDAwMDAwMDAwMDAsInVwZGF0ZSI6MTIwMDAwMDAwMDAwMH19"
        }
      ]
    },
    {
      "module": "module.data_pipeline",
      "mode": "managed",
      "type": "google_compute_subnetwork",
      "name": "dataflow_subnetwork",
      "provider": "provider[\"registry.terraform.io/hashicorp/google\"]",
      "instances": [
        {
          "schema_version": 0,
          "attributes": {
            "creation_timestamp": "2022-11-08T11:24:35.414-08:00",
            "description": "",
            "external_ipv6_prefix": "",
            "fingerprint": null,
            "gateway_address": "10.1.0.1",
            "id": "projects/pa-cons-swe-de-2022-mll03/regions/europe-west1/subnetworks/dataflow-subnetwork",
            "ip_cidr_range": "10.1.0.0/20",
            "ipv6_access_type": "",
            "ipv6_cidr_range": "",
            "log_config": [],
            "name": "dataflow-subnetwork",
            "network": "https://www.googleapis.com/compute/v1/projects/pa-cons-swe-de-2022-mll03/global/networks/dataflow-network",
            "private_ip_google_access": false,
            "private_ipv6_google_access": "DISABLE_GOOGLE_ACCESS",
            "project": "pa-cons-swe-de-2022-mll03",
            "purpose": "PRIVATE",
            "region": "europe-west1",
            "role": "",
            "secondary_ip_range": [],
            "self_link": "https://www.googleapis.com/compute/v1/projects/pa-cons-swe-de-2022-mll03/regions/europe-west1/subnetworks/dataflow-subnetwork",
            "stack_type": "IPV4_ONLY",
            "timeouts": null
          },
          "sensitive_attributes": [],
          "private": "eyJlMmJmYjczMC1lY2FhLTExZTYtOGY4OC0zNDM2M2JjN2M0YzAiOnsiY3JlYXRlIjoxMjAwMDAwMDAwMDAwLCJkZWxldGUiOjEyMDAwMDAwMDAwMDAsInVwZGF0ZSI6MTIwMDAwMDAwMDAwMH19",
          "dependencies": [
            "module.data_pipeline.google_compute_network.dataflow_network"
          ]
        }
      ]
    },
    {
      "module": "module.data_pipeline",
      "mode": "managed",
      "type": "google_project_iam_member",
      "name": "dataflow_worker",
      "provider": "provider[\"registry.terraform.io/hashicorp/google\"]",
      "instances": [
        {
          "schema_version": 0,
          "attributes": {
            "condition": [],
            "etag": "BwXs+nzXvXY=",
            "id": "projects/pa-cons-swe-de-2022-mll03/roles/dataflow.worker/serviceAccount:svc-dataflow-worker@pa-cons-swe-de-2022-mll03.iam.gserviceaccount.com",
            "member": "serviceAccount:svc-dataflow-worker@pa-cons-swe-de-2022-mll03.iam.gserviceaccount.com",
            "project": "projects/pa-cons-swe-de-2022-mll03",
            "role": "roles/dataflow.worker"
          },
          "sensitive_attributes": [],
          "private": "bnVsbA==",
          "dependencies": [
            "data.google_project.current_project",
            "google_service_account.svc_dataflow_worker"
          ]
        }
      ]
    },
    {
      "module": "module.data_pipeline",
      "mode": "managed",
      "type": "google_pubsub_subscription",
      "name": "data_ingestion_subscription_avro_gcs",
      "provider": "provider[\"registry.terraform.io/hashicorp/google\"]",
      "instances": [
        {
          "schema_version": 0,
          "attributes": {
            "ack_deadline_seconds": 10,
            "bigquery_config": [],
            "dead_letter_policy": [],
            "enable_exactly_once_delivery": false,
            "enable_message_ordering": false,
            "expiration_policy": [
              {
                "ttl": ""
              }
            ],
            "filter": "",
            "id": "projects/pa-cons-swe-de-2022-mll03/subscriptions/beam-to-gcs",
            "labels": null,
            "message_retention_duration": "604800s",
            "name": "beam-to-gcs",
            "project": "pa-cons-swe-de-2022-mll03",
            "push_config": [],
            "retain_acked_messages": false,
            "retry_policy": [],
            "timeouts": null,
            "topic": "projects/pa-cons-swe-de-2022-mll03/topics/phoenix.analytics.avro"
          },
          "sensitive_attributes": [],
          "private": "eyJlMmJmYjczMC1lY2FhLTExZTYtOGY4OC0zNDM2M2JjN2M0YzAiOnsiY3JlYXRlIjoxMjAwMDAwMDAwMDAwLCJkZWxldGUiOjEyMDAwMDAwMDAwMDAsInVwZGF0ZSI6MTIwMDAwMDAwMDAwMH19",
          "dependencies": [
            "module.data_pipeline.google_pubsub_topic.data_ingestion_topic"
          ]
        }
      ]
    },
    {
      "module": "module.data_pipeline",
      "mode": "managed",
      "type": "google_pubsub_subscription_iam_binding",
      "name": "phoenix_analytics_avro_beam_avro_gcs_subscriber",
      "provider": "provider[\"registry.terraform.io/hashicorp/google\"]",
      "instances": [
        {
          "schema_version": 0,
          "attributes": {
            "condition": [],
            "etag": "BwXs+n1zyhY=",
            "id": "projects/pa-cons-swe-de-2022-mll03/subscriptions/beam-to-gcs/roles/pubsub.subscriber",
            "members": [
              "serviceAccount:svc-dataflow-worker@pa-cons-swe-de-2022-mll03.iam.gserviceaccount.com"
            ],
            "project": null,
            "role": "roles/pubsub.subscriber",
            "subscription": "projects/pa-cons-swe-de-2022-mll03/subscriptions/beam-to-gcs"
          },
          "sensitive_attributes": [],
          "private": "bnVsbA==",
          "dependencies": [
            "google_service_account.svc_dataflow_worker",
            "module.data_pipeline.google_pubsub_subscription.data_ingestion_subscription_avro_gcs",
            "module.data_pipeline.google_pubsub_topic.data_ingestion_topic"
          ]
        }
      ]
    },
    {
      "module": "module.data_pipeline",
      "mode": "managed",
      "type": "google_pubsub_subscription_iam_binding",
      "name": "phoenix_analytics_avro_beam_avro_gcs_viewer",
      "provider": "provider[\"registry.terraform.io/hashicorp/google\"]",
      "instances": [
        {
          "schema_version": 0,
          "attributes": {
            "condition": [],
            "etag": "BwXs+n1zyhY=",
            "id": "projects/pa-cons-swe-de-2022-mll03/subscriptions/beam-to-gcs/roles/pubsub.viewer",
            "members": [
              "serviceAccount:svc-dataflow-worker@pa-cons-swe-de-2022-mll03.iam.gserviceaccount.com"
            ],
            "project": null,
            "role": "roles/pubsub.viewer",
            "subscription": "projects/pa-cons-swe-de-2022-mll03/subscriptions/beam-to-gcs"
          },
          "sensitive_attributes": [],
          "private": "bnVsbA==",
          "dependencies": [
            "google_service_account.svc_dataflow_worker",
            "module.data_pipeline.google_pubsub_subscription.data_ingestion_subscription_avro_gcs",
            "module.data_pipeline.google_pubsub_topic.data_ingestion_topic"
          ]
        }
      ]
    },
    {
      "module": "module.data_pipeline",
      "mode": "managed",
      "type": "google_pubsub_topic",
      "name": "data_ingestion_topic",
      "provider": "provider[\"registry.terraform.io/hashicorp/google\"]",
      "instances": [
        {
          "schema_version": 0,
          "attributes": {
            "id": "projects/pa-cons-swe-de-2022-mll03/topics/phoenix.analytics.avro",
            "kms_key_name": "",
            "labels": null,
            "message_retention_duration": "",
            "message_storage_policy": [],
            "name": "phoenix.analytics.avro",
            "project": "pa-cons-swe-de-2022-mll03",
            "schema_settings": [],
            "timeouts": null
          },
          "sensitive_attributes": [],
          "private": "eyJlMmJmYjczMC1lY2FhLTExZTYtOGY4OC0zNDM2M2JjN2M0YzAiOnsiY3JlYXRlIjoxMjAwMDAwMDAwMDAwLCJkZWxldGUiOjEyMDAwMDAwMDAwMDAsInVwZGF0ZSI6MTIwMDAwMDAwMDAwMH19"
        }
      ]
    },
    {
      "module": "module.data_pipeline",
      "mode": "managed",
      "type": "google_pubsub_topic_iam_binding",
      "name": "publishers",
      "provider": "provider[\"registry.terraform.io/hashicorp/google\"]",
      "instances": [
        {
          "schema_version": 0,
          "attributes": {
            "condition": [],
            "etag": null,
            "id": "projects/pa-cons-swe-de-2022-mll03/topics/phoenix.analytics.avro/roles/pubsub.publisher",
            "members": null,
            "project": "pa-cons-swe-de-2022-mll03",
            "role": "roles/pubsub.publisher",
            "topic": "projects/pa-cons-swe-de-2022-mll03/topics/phoenix.analytics.avro"
          },
          "sensitive_attributes": [],
          "private": "bnVsbA==",
          "dependencies": [
            "module.data_pipeline.google_pubsub_topic.data_ingestion_topic"
          ]
        }
      ]
    },
    {
      "module": "module.data_pipeline",
      "mode": "managed",
      "type": "google_storage_bucket",
      "name": "dataflow_temp_bucket",
      "provider": "provider[\"registry.terraform.io/hashicorp/google\"]",
      "instances": [
        {
          "schema_version": 0,
          "attributes": {
            "cors": [],
            "custom_placement_config": [],
            "default_event_based_hold": false,
            "encryption": [],
            "force_destroy": true,
            "id": "pa-cons-swe-de-2022-mll03-dataflow-temp-sysint",
            "labels": null,
            "lifecycle_rule": [],
            "location": "EU",
            "logging": [],
            "name": "pa-cons-swe-de-2022-mll03-dataflow-temp-sysint",
            "project": "pa-cons-swe-de-2022-mll03",
            "public_access_prevention": "inherited",
            "requester_pays": false,
            "retention_policy": [],
            "self_link": "https://www.googleapis.com/storage/v1/b/pa-cons-swe-de-2022-mll03-dataflow-temp-sysint",
            "storage_class": "STANDARD",
            "timeouts": null,
            "uniform_bucket_level_access": true,
            "url": "gs://pa-cons-swe-de-2022-mll03-dataflow-temp-sysint",
            "versioning": [],
            "website": []
          },
          "sensitive_attributes": [],
          "private": "eyJlMmJmYjczMC1lY2FhLTExZTYtOGY4OC0zNDM2M2JjN2M0YzAiOnsiY3JlYXRlIjoyNDAwMDAwMDAwMDAsInJlYWQiOjI0MDAwMDAwMDAwMCwidXBkYXRlIjoyNDAwMDAwMDAwMDB9fQ==",
          "dependencies": [
            "data.google_project.current_project"
          ]
        }
      ]
    },
    {
      "module": "module.data_pipeline",
      "mode": "managed",
      "type": "google_storage_bucket",
      "name": "datalake_avro_bucket",
      "provider": "provider[\"registry.terraform.io/hashicorp/google\"]",
      "instances": [
        {
          "schema_version": 0,
          "attributes": {
            "cors": [],
            "custom_placement_config": [],
            "default_event_based_hold": false,
            "encryption": [],
            "force_destroy": false,
            "id": "pa-cons-swe-de-2022-mll03-data-lake-avro",
            "labels": null,
            "lifecycle_rule": [],
            "location": "EU",
            "logging": [],
            "name": "pa-cons-swe-de-2022-mll03-data-lake-avro",
            "project": "pa-cons-swe-de-2022-mll03",
            "public_access_prevention": "inherited",
            "requester_pays": false,
            "retention_policy": [],
            "self_link": "https://www.googleapis.com/storage/v1/b/pa-cons-swe-de-2022-mll03-data-lake-avro",
            "storage_class": "STANDARD",
            "timeouts": null,
            "uniform_bucket_level_access": true,
            "url": "gs://pa-cons-swe-de-2022-mll03-data-lake-avro",
            "versioning": [],
            "website": []
          },
          "sensitive_attributes": [],
          "private": "eyJlMmJmYjczMC1lY2FhLTExZTYtOGY4OC0zNDM2M2JjN2M0YzAiOnsiY3JlYXRlIjoyNDAwMDAwMDAwMDAsInJlYWQiOjI0MDAwMDAwMDAwMCwidXBkYXRlIjoyNDAwMDAwMDAwMDB9fQ==",
          "dependencies": [
            "data.google_project.current_project"
          ]
        }
      ]
    },
    {
      "module": "module.data_pipeline",
      "mode": "managed",
      "type": "google_storage_bucket",
      "name": "schema_registry_bucket",
      "provider": "provider[\"registry.terraform.io/hashicorp/google\"]",
      "instances": [
        {
          "schema_version": 0,
          "attributes": {
            "cors": [],
            "custom_placement_config": [],
            "default_event_based_hold": false,
            "encryption": [],
            "force_destroy": true,
            "id": "pa-cons-swe-de-2022-mll03-avro-schema-store-sysint",
            "labels": null,
            "lifecycle_rule": [],
            "location": "EU",
            "logging": [],
            "name": "pa-cons-swe-de-2022-mll03-avro-schema-store-sysint",
            "project": "pa-cons-swe-de-2022-mll03",
            "public_access_prevention": "inherited",
            "requester_pays": false,
            "retention_policy": [],
            "self_link": "https://www.googleapis.com/storage/v1/b/pa-cons-swe-de-2022-mll03-avro-schema-store-sysint",
            "storage_class": "STANDARD",
            "timeouts": null,
            "uniform_bucket_level_access": true,
            "url": "gs://pa-cons-swe-de-2022-mll03-avro-schema-store-sysint",
            "versioning": [],
            "website": []
          },
          "sensitive_attributes": [],
          "private": "eyJlMmJmYjczMC1lY2FhLTExZTYtOGY4OC0zNDM2M2JjN2M0YzAiOnsiY3JlYXRlIjoyNDAwMDAwMDAwMDAsInJlYWQiOjI0MDAwMDAwMDAwMCwidXBkYXRlIjoyNDAwMDAwMDAwMDB9fQ==",
          "dependencies": [
            "data.google_project.current_project"
          ]
        }
      ]
    },
    {
      "module": "module.data_pipeline",
      "mode": "managed",
      "type": "google_storage_bucket",
      "name": "unprocessed_bucket",
      "provider": "provider[\"registry.terraform.io/hashicorp/google\"]",
      "instances": [
        {
          "schema_version": 0,
          "attributes": {
            "cors": [],
            "custom_placement_config": [],
            "default_event_based_hold": false,
            "encryption": [],
            "force_destroy": false,
            "id": "pa-cons-swe-de-2022-mll03-beam-pubsub-unprocessed-sysint",
            "labels": null,
            "lifecycle_rule": [],
            "location": "EU",
            "logging": [],
            "name": "pa-cons-swe-de-2022-mll03-beam-pubsub-unprocessed-sysint",
            "project": "pa-cons-swe-de-2022-mll03",
            "public_access_prevention": "inherited",
            "requester_pays": false,
            "retention_policy": [],
            "self_link": "https://www.googleapis.com/storage/v1/b/pa-cons-swe-de-2022-mll03-beam-pubsub-unprocessed-sysint",
            "storage_class": "STANDARD",
            "timeouts": null,
            "uniform_bucket_level_access": true,
            "url": "gs://pa-cons-swe-de-2022-mll03-beam-pubsub-unprocessed-sysint",
            "versioning": [],
            "website": []
          },
          "sensitive_attributes": [],
          "private": "eyJlMmJmYjczMC1lY2FhLTExZTYtOGY4OC0zNDM2M2JjN2M0YzAiOnsiY3JlYXRlIjoyNDAwMDAwMDAwMDAsInJlYWQiOjI0MDAwMDAwMDAwMCwidXBkYXRlIjoyNDAwMDAwMDAwMDB9fQ==",
          "dependencies": [
            "data.google_project.current_project"
          ]
        }
      ]
    },
    {
      "module": "module.data_pipeline",
      "mode": "managed",
      "type": "google_storage_bucket_iam_binding",
      "name": "dataflow_temp_bucket_object_admin_binding",
      "provider": "provider[\"registry.terraform.io/hashicorp/google\"]",
      "instances": [
        {
          "schema_version": 0,
          "attributes": {
            "bucket": "b/pa-cons-swe-de-2022-mll03-dataflow-temp-sysint",
            "condition": [],
            "etag": "CAI=",
            "id": "b/pa-cons-swe-de-2022-mll03-dataflow-temp-sysint/roles/storage.objectAdmin",
            "members": [
              "serviceAccount:svc-application-deployment@pa-cons-swe-de-2022-mll03.iam.gserviceaccount.com",
              "serviceAccount:svc-dataflow-worker@pa-cons-swe-de-2022-mll03.iam.gserviceaccount.com"
            ],
            "role": "roles/storage.objectAdmin"
          },
          "sensitive_attributes": [],
          "private": "bnVsbA==",
          "dependencies": [
            "data.google_project.current_project",
            "google_service_account.svc_dataflow_worker",
            "google_service_account.svc_github_action_application_deployment",
            "module.data_pipeline.google_storage_bucket.dataflow_temp_bucket"
          ]
        }
      ]
    },
    {
      "module": "module.data_pipeline",
      "mode": "managed",
      "type": "google_storage_bucket_iam_binding",
      "name": "datalake_avro_bucket_viewer_binding",
      "provider": "provider[\"registry.terraform.io/hashicorp/google\"]",
      "instances": [
        {
          "schema_version": 0,
          "attributes": {
            "bucket": "b/pa-cons-swe-de-2022-mll03-data-lake-avro",
            "condition": [],
            "etag": null,
            "id": "b/pa-cons-swe-de-2022-mll03-data-lake-avro/roles/storage.objectViewer",
            "members": null,
            "role": "roles/storage.objectViewer"
          },
          "sensitive_attributes": [],
          "private": "bnVsbA==",
          "dependencies": [
            "data.google_project.current_project",
            "module.data_pipeline.google_storage_bucket.datalake_avro_bucket"
          ]
        }
      ]
    },
    {
      "module": "module.data_pipeline",
      "mode": "managed",
      "type": "google_storage_bucket_iam_binding",
      "name": "schema_registry_bucket_object_viewer_binding",
      "provider": "provider[\"registry.terraform.io/hashicorp/google\"]",
      "instances": [
        {
          "schema_version": 0,
          "attributes": {
            "bucket": "b/pa-cons-swe-de-2022-mll03-avro-schema-store-sysint",
            "condition": [],
            "etag": "CAM=",
            "id": "b/pa-cons-swe-de-2022-mll03-avro-schema-store-sysint/roles/storage.objectViewer",
            "members": [
              "serviceAccount:svc-dataflow-worker@pa-cons-swe-de-2022-mll03.iam.gserviceaccount.com"
            ],
            "role": "roles/storage.objectViewer"
          },
          "sensitive_attributes": [],
          "private": "bnVsbA==",
          "dependencies": [
            "data.google_project.current_project",
            "google_service_account.svc_dataflow_worker",
            "module.data_pipeline.google_storage_bucket.schema_registry_bucket"
          ]
        }
      ]
    },
    {
      "module": "module.data_pipeline",
      "mode": "managed",
      "type": "google_storage_bucket_iam_binding",
      "name": "unprocessed_bucket_viewer_binding",
      "provider": "provider[\"registry.terraform.io/hashicorp/google\"]",
      "instances": [
        {
          "schema_version": 0,
          "attributes": {
            "bucket": "b/pa-cons-swe-de-2022-mll03-beam-pubsub-unprocessed-sysint",
            "condition": [],
            "etag": null,
            "id": "b/pa-cons-swe-de-2022-mll03-beam-pubsub-unprocessed-sysint/roles/storage.objectViewer",
            "members": null,
            "role": "roles/storage.objectViewer"
          },
          "sensitive_attributes": [],
          "private": "bnVsbA==",
          "dependencies": [
            "data.google_project.current_project",
            "module.data_pipeline.google_storage_bucket.unprocessed_bucket"
          ]
        }
      ]
    },
    {
      "module": "module.data_pipeline",
      "mode": "managed",
      "type": "google_storage_bucket_iam_member",
      "name": "datalake_avro_bucket_object_admin",
      "provider": "provider[\"registry.terraform.io/hashicorp/google\"]",
      "instances": [
        {
          "schema_version": 0,
          "attributes": {
            "bucket": "b/pa-cons-swe-de-2022-mll03-data-lake-avro",
            "condition": [],
            "etag": "CAM=",
            "id": "b/pa-cons-swe-de-2022-mll03-data-lake-avro/roles/storage.objectAdmin/serviceAccount:svc-dataflow-worker@pa-cons-swe-de-2022-mll03.iam.gserviceaccount.com",
            "member": "serviceAccount:svc-dataflow-worker@pa-cons-swe-de-2022-mll03.iam.gserviceaccount.com",
            "role": "roles/storage.objectAdmin"
          },
          "sensitive_attributes": [],
          "private": "bnVsbA==",
          "dependencies": [
            "data.google_project.current_project",
            "google_service_account.svc_dataflow_worker",
            "module.data_pipeline.google_storage_bucket.datalake_avro_bucket"
          ]
        }
      ]
    },
    {
      "module": "module.data_pipeline",
      "mode": "managed",
      "type": "google_storage_bucket_iam_member",
      "name": "schema_registry_bucket_object_admin",
      "provider": "provider[\"registry.terraform.io/hashicorp/google\"]",
      "instances": [
        {
          "schema_version": 0,
          "attributes": {
            "bucket": "b/pa-cons-swe-de-2022-mll03-avro-schema-store-sysint",
            "condition": [],
            "etag": "CAI=",
            "id": "b/pa-cons-swe-de-2022-mll03-avro-schema-store-sysint/roles/storage.objectAdmin/serviceAccount:svc-application-deployment@pa-cons-swe-de-2022-mll03.iam.gserviceaccount.com",
            "member": "serviceAccount:svc-application-deployment@pa-cons-swe-de-2022-mll03.iam.gserviceaccount.com",
            "role": "roles/storage.objectAdmin"
          },
          "sensitive_attributes": [],
          "private": "bnVsbA==",
          "dependencies": [
            "data.google_project.current_project",
            "google_service_account.svc_github_action_application_deployment",
            "module.data_pipeline.google_storage_bucket.schema_registry_bucket"
          ]
        }
      ]
    },
    {
      "module": "module.data_pipeline",
      "mode": "managed",
      "type": "google_storage_bucket_iam_member",
      "name": "unprocessed_bucket_object_admin",
      "provider": "provider[\"registry.terraform.io/hashicorp/google\"]",
      "instances": [
        {
          "schema_version": 0,
          "attributes": {
            "bucket": "b/pa-cons-swe-de-2022-mll03-beam-pubsub-unprocessed-sysint",
            "condition": [],
            "etag": "CAM=",
            "id": "b/pa-cons-swe-de-2022-mll03-beam-pubsub-unprocessed-sysint/roles/storage.objectAdmin/serviceAccount:svc-dataflow-worker@pa-cons-swe-de-2022-mll03.iam.gserviceaccount.com",
            "member": "serviceAccount:svc-dataflow-worker@pa-cons-swe-de-2022-mll03.iam.gserviceaccount.com",
            "role": "roles/storage.objectAdmin"
          },
          "sensitive_attributes": [],
          "private": "bnVsbA==",
          "dependencies": [
            "data.google_project.current_project",
            "google_service_account.svc_dataflow_worker",
            "module.data_pipeline.google_storage_bucket.unprocessed_bucket"
          ]
        }
      ]
    }
  ]
}
