{
  "version": 4,
  "terraform_version": "1.1.9",
  "serial": 16,
  "lineage": "2e8df4a5-a210-9ad0-82b7-b33669e628eb",
  "outputs": {},
  "resources": [
    {
      "mode": "managed",
      "type": "google_project",
      "name": "my_project",
      "provider": "provider[\"registry.terraform.io/hashicorp/google\"]",
      "instances": [
        {
          "schema_version": 1,
          "attributes": {
            "auto_create_network": true,
            "billing_account": "01D520-0234E5-B62010",
            "folder_id": "",
            "id": "projects/pa-cons-swe-de-2022-mll02",
            "labels": {},
            "name": "pa-cons-swe-de-2022-mll02",
            "number": "691552315975",
            "org_id": "133988432162",
            "project_id": "pa-cons-swe-de-2022-mll02",
            "skip_delete": null,
            "timeouts": null
          },
          "sensitive_attributes": [],
          "private": "eyJlMmJmYjczMC1lY2FhLTExZTYtOGY4OC0zNDM2M2JjN2M0YzAiOnsiY3JlYXRlIjo2MDAwMDAwMDAwMDAsImRlbGV0ZSI6NjAwMDAwMDAwMDAwLCJyZWFkIjo2MDAwMDAwMDAwMDAsInVwZGF0ZSI6NjAwMDAwMDAwMDAwfSwic2NoZW1hX3ZlcnNpb24iOiIxIn0="
        }
      ]
    },
    {
      "mode": "managed",
      "type": "google_project_iam_member",
      "name": "svc_terraform_admin_owner",
      "provider": "provider[\"registry.terraform.io/hashicorp/google\"]",
      "instances": [
        {
          "schema_version": 0,
          "attributes": {
            "condition": [],
            "etag": "BwXs9O443tU=",
            "id": "pa-cons-swe-de-2022-mll02/roles/owner/serviceAccount:svc-terraform-admin@pa-cons-swe-de-2022-mll02.iam.gserviceaccount.com",
            "member": "serviceAccount:svc-terraform-admin@pa-cons-swe-de-2022-mll02.iam.gserviceaccount.com",
            "project": "pa-cons-swe-de-2022-mll02",
            "role": "roles/owner"
          },
          "sensitive_attributes": [],
          "private": "bnVsbA==",
          "dependencies": [
            "google_service_account.svc_terraform_admin"
          ]
        }
      ]
    },
    {
      "mode": "managed",
      "type": "google_project_iam_member",
      "name": "svc_terraform_admin_storage_admin",
      "provider": "provider[\"registry.terraform.io/hashicorp/google\"]",
      "instances": [
        {
          "schema_version": 0,
          "attributes": {
            "condition": [],
            "etag": "BwXs9O443tU=",
            "id": "pa-cons-swe-de-2022-mll02/roles/storage.admin/serviceAccount:svc-terraform-admin@pa-cons-swe-de-2022-mll02.iam.gserviceaccount.com",
            "member": "serviceAccount:svc-terraform-admin@pa-cons-swe-de-2022-mll02.iam.gserviceaccount.com",
            "project": "pa-cons-swe-de-2022-mll02",
            "role": "roles/storage.admin"
          },
          "sensitive_attributes": [],
          "private": "bnVsbA==",
          "dependencies": [
            "google_service_account.svc_terraform_admin"
          ]
        }
      ]
    },
    {
      "mode": "managed",
      "type": "google_project_service",
      "name": "cloudresourcemanager_api",
      "provider": "provider[\"registry.terraform.io/hashicorp/google\"]",
      "instances": [
        {
          "schema_version": 0,
          "attributes": {
            "disable_dependent_services": null,
            "disable_on_destroy": true,
            "id": "pa-cons-swe-de-2022-mll02/cloudresourcemanager.googleapis.com",
            "project": "pa-cons-swe-de-2022-mll02",
            "service": "cloudresourcemanager.googleapis.com",
            "timeouts": null
          },
          "sensitive_attributes": [],
          "private": "eyJlMmJmYjczMC1lY2FhLTExZTYtOGY4OC0zNDM2M2JjN2M0YzAiOnsiY3JlYXRlIjoxMjAwMDAwMDAwMDAwLCJkZWxldGUiOjEyMDAwMDAwMDAwMDAsInJlYWQiOjYwMDAwMDAwMDAwMCwidXBkYXRlIjoxMjAwMDAwMDAwMDAwfX0="
        }
      ]
    },
    {
      "mode": "managed",
      "type": "google_service_account",
      "name": "svc_terraform_admin",
      "provider": "provider[\"registry.terraform.io/hashicorp/google\"]",
      "instances": [
        {
          "schema_version": 0,
          "attributes": {
            "account_id": "svc-terraform-admin",
            "description": "",
            "disabled": false,
            "display_name": "",
            "email": "svc-terraform-admin@pa-cons-swe-de-2022-mll02.iam.gserviceaccount.com",
            "id": "projects/pa-cons-swe-de-2022-mll02/serviceAccounts/svc-terraform-admin@pa-cons-swe-de-2022-mll02.iam.gserviceaccount.com",
            "member": "serviceAccount:svc-terraform-admin@pa-cons-swe-de-2022-mll02.iam.gserviceaccount.com",
            "name": "projects/pa-cons-swe-de-2022-mll02/serviceAccounts/svc-terraform-admin@pa-cons-swe-de-2022-mll02.iam.gserviceaccount.com",
            "project": "pa-cons-swe-de-2022-mll02",
            "timeouts": null,
            "unique_id": "112171502817151561479"
          },
          "sensitive_attributes": [],
          "private": "eyJlMmJmYjczMC1lY2FhLTExZTYtOGY4OC0zNDM2M2JjN2M0YzAiOnsiY3JlYXRlIjozMDAwMDAwMDAwMDB9fQ=="
        }
      ]
    },
    {
      "module": "module.bucket_terraform_infra",
      "mode": "data",
      "type": "google_iam_policy",
      "name": "policy",
      "provider": "provider[\"registry.terraform.io/hashicorp/google\"]",
      "instances": [
        {
          "schema_version": 0,
          "attributes": {
            "audit_config": null,
            "binding": [
              {
                "condition": [],
                "members": [
                  "serviceAccount:svc-terraform-admin@pa-cons-swe-de-2022-mll02.iam.gserviceaccount.com"
                ],
                "role": "roles/storage.objectAdmin"
              },
              {
                "condition": [],
                "members": [],
                "role": "roles/storage.admin"
              },
              {
                "condition": [],
                "members": [],
                "role": "roles/storage.objectViewer"
              }
            ],
            "id": "3883738705",
            "policy_data": "{\"bindings\":[{\"role\":\"roles/storage.admin\"},{\"members\":[\"serviceAccount:svc-terraform-admin@pa-cons-swe-de-2022-mll02.iam.gserviceaccount.com\"],\"role\":\"roles/storage.objectAdmin\"},{\"role\":\"roles/storage.objectViewer\"}]}"
          },
          "sensitive_attributes": []
        }
      ]
    },
    {
      "module": "module.bucket_terraform_infra",
      "mode": "managed",
      "type": "google_storage_bucket",
      "name": "bucket",
      "provider": "provider[\"registry.terraform.io/hashicorp/google\"]",
      "instances": [
        {
          "schema_version": 0,
          "attributes": {
            "cors": [],
            "custom_placement_config": [],
            "default_event_based_hold": false,
            "encryption": [],
            "force_destroy": false,
            "id": "pa-cons-swe-de-2022-mll02-terraform-infra",
            "labels": null,
            "lifecycle_rule": [],
            "location": "EU",
            "logging": [],
            "name": "pa-cons-swe-de-2022-mll02-terraform-infra",
            "project": "pa-cons-swe-de-2022-mll02",
            "public_access_prevention": "inherited",
            "requester_pays": false,
            "retention_policy": [],
            "self_link": "https://www.googleapis.com/storage/v1/b/pa-cons-swe-de-2022-mll02-terraform-infra",
            "storage_class": "STANDARD",
            "timeouts": null,
            "uniform_bucket_level_access": true,
            "url": "gs://pa-cons-swe-de-2022-mll02-terraform-infra",
            "versioning": [],
            "website": []
          },
          "sensitive_attributes": [],
          "private": "eyJlMmJmYjczMC1lY2FhLTExZTYtOGY4OC0zNDM2M2JjN2M0YzAiOnsiY3JlYXRlIjoyNDAwMDAwMDAwMDAsInJlYWQiOjI0MDAwMDAwMDAwMCwidXBkYXRlIjoyNDAwMDAwMDAwMDB9fQ=="
        }
      ]
    },
    {
      "module": "module.bucket_terraform_infra",
      "mode": "managed",
      "type": "google_storage_bucket_iam_policy",
      "name": "policy_mapping",
      "provider": "provider[\"registry.terraform.io/hashicorp/google\"]",
      "instances": [
        {
          "status": "tainted",
          "schema_version": 0,
          "attributes": {
            "bucket": "b/pa-cons-swe-de-2022-mll02-terraform-infra",
            "etag": null,
            "id": "b/pa-cons-swe-de-2022-mll02-terraform-infra",
            "policy_data": "{\"bindings\":[{\"role\":\"roles/storage.admin\"},{\"members\":[\"serviceAccount:svc-terraform-admin@pa-cons-swe-de-2022-mll02.iam.gserviceaccount.com\"],\"role\":\"roles/storage.objectAdmin\"},{\"role\":\"roles/storage.objectViewer\"}]}"
          },
          "sensitive_attributes": [],
          "private": "bnVsbA==",
          "dependencies": [
            "module.bucket_terraform_infra.data.google_iam_policy.policy",
            "module.bucket_terraform_infra.google_storage_bucket.bucket"
          ]
        }
      ]
    }
  ]
}
