{
  "version": 4,
  "terraform_version": "1.1.9",
  "serial": 21,
  "lineage": "16ca57a3-fc28-616c-2b04-45e8d33244ca",
  "outputs": {},
  "resources": [
    {
      "mode": "managed",
      "type": "google_project",
      "name": "my_project",
      "provider": "provider[\"registry.terraform.io/hashicorp/google\"]",
      "instances": [
        {
          "schema_version": 1,
          "attributes": {
            "auto_create_network": true,
            "billing_account": "01D520-0234E5-B62010",
            "folder_id": "",
            "id": "projects/pa-cons-swe-de-2022-mll03",
            "labels": null,
            "name": "pa-cons-swe-de-2022-mll03",
            "number": "127052457882",
            "org_id": "133988432162",
            "project_id": "pa-cons-swe-de-2022-mll03",
            "skip_delete": null,
            "timeouts": null
          },
          "sensitive_attributes": [],
          "private": "eyJlMmJmYjczMC1lY2FhLTExZTYtOGY4OC0zNDM2M2JjN2M0YzAiOnsiY3JlYXRlIjo2MDAwMDAwMDAwMDAsImRlbGV0ZSI6NjAwMDAwMDAwMDAwLCJyZWFkIjo2MDAwMDAwMDAwMDAsInVwZGF0ZSI6NjAwMDAwMDAwMDAwfSwic2NoZW1hX3ZlcnNpb24iOiIxIn0="
        }
      ]
    },
    {
      "module": "module.init_project_module",
      "mode": "data",
      "type": "google_iam_policy",
      "name": "bucket_terraform_infra_policy",
      "provider": "provider[\"registry.terraform.io/hashicorp/google\"]",
      "instances": [
        {
          "schema_version": 0,
          "attributes": {
            "audit_config": null,
            "binding": [
              {
                "condition": [],
                "members": [
                  "serviceAccount:svc-terraform-admin@pa-cons-swe-de-2022-mll03.iam.gserviceaccount.com",
                  "user:mario.loera@paconsulting.com"
                ],
                "role": "roles/storage.objectAdmin"
              }
            ],
            "id": "2260093907",
            "policy_data": "{\"bindings\":[{\"members\":[\"serviceAccount:svc-terraform-admin@pa-cons-swe-de-2022-mll03.iam.gserviceaccount.com\",\"user:mario.loera@paconsulting.com\"],\"role\":\"roles/storage.objectAdmin\"}]}"
          },
          "sensitive_attributes": []
        }
      ]
    },
    {
      "module": "module.init_project_module",
      "mode": "managed",
      "type": "google_project_iam_binding",
      "name": "storage_admin",
      "provider": "provider[\"registry.terraform.io/hashicorp/google\"]",
      "instances": [
        {
          "schema_version": 0,
          "attributes": {
            "condition": [],
            "etag": "BwXs+lgiL2o=",
            "id": "pa-cons-swe-de-2022-mll03/roles/storage.admin",
            "members": [
              "serviceAccount:svc-terraform-admin@pa-cons-swe-de-2022-mll03.iam.gserviceaccount.com",
              "user:mario.loera@paconsulting.com"
            ],
            "project": "pa-cons-swe-de-2022-mll03",
            "role": "roles/storage.admin"
          },
          "sensitive_attributes": [],
          "private": "bnVsbA==",
          "dependencies": [
            "google_project.my_project",
            "module.init_project_module.google_service_account.svc_terraform_admin"
          ]
        }
      ]
    },
    {
      "module": "module.init_project_module",
      "mode": "managed",
      "type": "google_project_iam_member",
      "name": "svc_terraform_admin_owner",
      "provider": "provider[\"registry.terraform.io/hashicorp/google\"]",
      "instances": [
        {
          "schema_version": 0,
          "attributes": {
            "condition": [],
            "etag": "BwXs+lgiL2o=",
            "id": "pa-cons-swe-de-2022-mll03/roles/owner/serviceAccount:svc-terraform-admin@pa-cons-swe-de-2022-mll03.iam.gserviceaccount.com",
            "member": "serviceAccount:svc-terraform-admin@pa-cons-swe-de-2022-mll03.iam.gserviceaccount.com",
            "project": "pa-cons-swe-de-2022-mll03",
            "role": "roles/owner"
          },
          "sensitive_attributes": [],
          "private": "bnVsbA==",
          "dependencies": [
            "google_project.my_project",
            "module.init_project_module.google_service_account.svc_terraform_admin"
          ]
        }
      ]
    },
    {
      "module": "module.init_project_module",
      "mode": "managed",
      "type": "google_project_service",
      "name": "ai_platform_api",
      "provider": "provider[\"registry.terraform.io/hashicorp/google\"]",
      "instances": [
        {
          "schema_version": 0,
          "attributes": {
            "disable_dependent_services": null,
            "disable_on_destroy": true,
            "id": "pa-cons-swe-de-2022-mll03/ml.googleapis.com",
            "project": "pa-cons-swe-de-2022-mll03",
            "service": "ml.googleapis.com",
            "timeouts": null
          },
          "sensitive_attributes": [],
          "private": "eyJlMmJmYjczMC1lY2FhLTExZTYtOGY4OC0zNDM2M2JjN2M0YzAiOnsiY3JlYXRlIjoxMjAwMDAwMDAwMDAwLCJkZWxldGUiOjEyMDAwMDAwMDAwMDAsInJlYWQiOjYwMDAwMDAwMDAwMCwidXBkYXRlIjoxMjAwMDAwMDAwMDAwfX0=",
          "dependencies": [
            "google_project.my_project"
          ]
        }
      ]
    },
    {
      "module": "module.init_project_module",
      "mode": "managed",
      "type": "google_project_service",
      "name": "appengine_api",
      "provider": "provider[\"registry.terraform.io/hashicorp/google\"]",
      "instances": [
        {
          "schema_version": 0,
          "attributes": {
            "disable_dependent_services": null,
            "disable_on_destroy": true,
            "id": "pa-cons-swe-de-2022-mll03/appengine.googleapis.com",
            "project": "pa-cons-swe-de-2022-mll03",
            "service": "appengine.googleapis.com",
            "timeouts": null
          },
          "sensitive_attributes": [],
          "private": "eyJlMmJmYjczMC1lY2FhLTExZTYtOGY4OC0zNDM2M2JjN2M0YzAiOnsiY3JlYXRlIjoxMjAwMDAwMDAwMDAwLCJkZWxldGUiOjEyMDAwMDAwMDAwMDAsInJlYWQiOjYwMDAwMDAwMDAwMCwidXBkYXRlIjoxMjAwMDAwMDAwMDAwfX0=",
          "dependencies": [
            "google_project.my_project"
          ]
        }
      ]
    },
    {
      "module": "module.init_project_module",
      "mode": "managed",
      "type": "google_project_service",
      "name": "bigquery_api",
      "provider": "provider[\"registry.terraform.io/hashicorp/google\"]",
      "instances": [
        {
          "schema_version": 0,
          "attributes": {
            "disable_dependent_services": null,
            "disable_on_destroy": true,
            "id": "pa-cons-swe-de-2022-mll03/bigquery.googleapis.com",
            "project": "pa-cons-swe-de-2022-mll03",
            "service": "bigquery.googleapis.com",
            "timeouts": null
          },
          "sensitive_attributes": [],
          "private": "eyJlMmJmYjczMC1lY2FhLTExZTYtOGY4OC0zNDM2M2JjN2M0YzAiOnsiY3JlYXRlIjoxMjAwMDAwMDAwMDAwLCJkZWxldGUiOjEyMDAwMDAwMDAwMDAsInJlYWQiOjYwMDAwMDAwMDAwMCwidXBkYXRlIjoxMjAwMDAwMDAwMDAwfX0=",
          "dependencies": [
            "google_project.my_project"
          ]
        }
      ]
    },
    {
      "module": "module.init_project_module",
      "mode": "managed",
      "type": "google_project_service",
      "name": "cloudresourcemanager_api",
      "provider": "provider[\"registry.terraform.io/hashicorp/google\"]",
      "instances": [
        {
          "schema_version": 0,
          "attributes": {
            "disable_dependent_services": null,
            "disable_on_destroy": true,
            "id": "pa-cons-swe-de-2022-mll03/cloudresourcemanager.googleapis.com",
            "project": "pa-cons-swe-de-2022-mll03",
            "service": "cloudresourcemanager.googleapis.com",
            "timeouts": null
          },
          "sensitive_attributes": [],
          "private": "eyJlMmJmYjczMC1lY2FhLTExZTYtOGY4OC0zNDM2M2JjN2M0YzAiOnsiY3JlYXRlIjoxMjAwMDAwMDAwMDAwLCJkZWxldGUiOjEyMDAwMDAwMDAwMDAsInJlYWQiOjYwMDAwMDAwMDAwMCwidXBkYXRlIjoxMjAwMDAwMDAwMDAwfX0=",
          "dependencies": [
            "google_project.my_project"
          ]
        }
      ]
    },
    {
      "module": "module.init_project_module",
      "mode": "managed",
      "type": "google_project_service",
      "name": "datacatalog_api",
      "provider": "provider[\"registry.terraform.io/hashicorp/google\"]",
      "instances": [
        {
          "schema_version": 0,
          "attributes": {
            "disable_dependent_services": null,
            "disable_on_destroy": true,
            "id": "pa-cons-swe-de-2022-mll03/datacatalog.googleapis.com",
            "project": "pa-cons-swe-de-2022-mll03",
            "service": "datacatalog.googleapis.com",
            "timeouts": null
          },
          "sensitive_attributes": [],
          "private": "eyJlMmJmYjczMC1lY2FhLTExZTYtOGY4OC0zNDM2M2JjN2M0YzAiOnsiY3JlYXRlIjoxMjAwMDAwMDAwMDAwLCJkZWxldGUiOjEyMDAwMDAwMDAwMDAsInJlYWQiOjYwMDAwMDAwMDAwMCwidXBkYXRlIjoxMjAwMDAwMDAwMDAwfX0=",
          "dependencies": [
            "google_project.my_project"
          ]
        }
      ]
    },
    {
      "module": "module.init_project_module",
      "mode": "managed",
      "type": "google_project_service",
      "name": "dataflow_api",
      "provider": "provider[\"registry.terraform.io/hashicorp/google\"]",
      "instances": [
        {
          "schema_version": 0,
          "attributes": {
            "disable_dependent_services": null,
            "disable_on_destroy": true,
            "id": "pa-cons-swe-de-2022-mll03/dataflow.googleapis.com",
            "project": "pa-cons-swe-de-2022-mll03",
            "service": "dataflow.googleapis.com",
            "timeouts": null
          },
          "sensitive_attributes": [],
          "private": "eyJlMmJmYjczMC1lY2FhLTExZTYtOGY4OC0zNDM2M2JjN2M0YzAiOnsiY3JlYXRlIjoxMjAwMDAwMDAwMDAwLCJkZWxldGUiOjEyMDAwMDAwMDAwMDAsInJlYWQiOjYwMDAwMDAwMDAwMCwidXBkYXRlIjoxMjAwMDAwMDAwMDAwfX0=",
          "dependencies": [
            "google_project.my_project"
          ]
        }
      ]
    },
    {
      "module": "module.init_project_module",
      "mode": "managed",
      "type": "google_project_service",
      "name": "drive_api",
      "provider": "provider[\"registry.terraform.io/hashicorp/google\"]",
      "instances": [
        {
          "schema_version": 0,
          "attributes": {
            "disable_dependent_services": null,
            "disable_on_destroy": true,
            "id": "pa-cons-swe-de-2022-mll03/drive.googleapis.com",
            "project": "pa-cons-swe-de-2022-mll03",
            "service": "drive.googleapis.com",
            "timeouts": null
          },
          "sensitive_attributes": [],
          "private": "eyJlMmJmYjczMC1lY2FhLTExZTYtOGY4OC0zNDM2M2JjN2M0YzAiOnsiY3JlYXRlIjoxMjAwMDAwMDAwMDAwLCJkZWxldGUiOjEyMDAwMDAwMDAwMDAsInJlYWQiOjYwMDAwMDAwMDAwMCwidXBkYXRlIjoxMjAwMDAwMDAwMDAwfX0=",
          "dependencies": [
            "google_project.my_project"
          ]
        }
      ]
    },
    {
      "module": "module.init_project_module",
      "mode": "managed",
      "type": "google_project_service",
      "name": "iam_api",
      "provider": "provider[\"registry.terraform.io/hashicorp/google\"]",
      "instances": [
        {
          "schema_version": 0,
          "attributes": {
            "disable_dependent_services": null,
            "disable_on_destroy": true,
            "id": "pa-cons-swe-de-2022-mll03/iam.googleapis.com",
            "project": "pa-cons-swe-de-2022-mll03",
            "service": "iam.googleapis.com",
            "timeouts": null
          },
          "sensitive_attributes": [],
          "private": "eyJlMmJmYjczMC1lY2FhLTExZTYtOGY4OC0zNDM2M2JjN2M0YzAiOnsiY3JlYXRlIjoxMjAwMDAwMDAwMDAwLCJkZWxldGUiOjEyMDAwMDAwMDAwMDAsInJlYWQiOjYwMDAwMDAwMDAwMCwidXBkYXRlIjoxMjAwMDAwMDAwMDAwfX0=",
          "dependencies": [
            "google_project.my_project"
          ]
        }
      ]
    },
    {
      "module": "module.init_project_module",
      "mode": "managed",
      "type": "google_project_service",
      "name": "iap_api",
      "provider": "provider[\"registry.terraform.io/hashicorp/google\"]",
      "instances": [
        {
          "schema_version": 0,
          "attributes": {
            "disable_dependent_services": null,
            "disable_on_destroy": true,
            "id": "pa-cons-swe-de-2022-mll03/iap.googleapis.com",
            "project": "pa-cons-swe-de-2022-mll03",
            "service": "iap.googleapis.com",
            "timeouts": null
          },
          "sensitive_attributes": [],
          "private": "eyJlMmJmYjczMC1lY2FhLTExZTYtOGY4OC0zNDM2M2JjN2M0YzAiOnsiY3JlYXRlIjoxMjAwMDAwMDAwMDAwLCJkZWxldGUiOjEyMDAwMDAwMDAwMDAsInJlYWQiOjYwMDAwMDAwMDAwMCwidXBkYXRlIjoxMjAwMDAwMDAwMDAwfX0=",
          "dependencies": [
            "google_project.my_project"
          ]
        }
      ]
    },
    {
      "module": "module.init_project_module",
      "mode": "managed",
      "type": "google_project_service",
      "name": "pubsub_api",
      "provider": "provider[\"registry.terraform.io/hashicorp/google\"]",
      "instances": [
        {
          "schema_version": 0,
          "attributes": {
            "disable_dependent_services": null,
            "disable_on_destroy": true,
            "id": "pa-cons-swe-de-2022-mll03/pubsub.googleapis.com",
            "project": "pa-cons-swe-de-2022-mll03",
            "service": "pubsub.googleapis.com",
            "timeouts": null
          },
          "sensitive_attributes": [],
          "private": "eyJlMmJmYjczMC1lY2FhLTExZTYtOGY4OC0zNDM2M2JjN2M0YzAiOnsiY3JlYXRlIjoxMjAwMDAwMDAwMDAwLCJkZWxldGUiOjEyMDAwMDAwMDAwMDAsInJlYWQiOjYwMDAwMDAwMDAwMCwidXBkYXRlIjoxMjAwMDAwMDAwMDAwfX0=",
          "dependencies": [
            "google_project.my_project"
          ]
        }
      ]
    },
    {
      "module": "module.init_project_module",
      "mode": "managed",
      "type": "google_project_service",
      "name": "secretmanager_api",
      "provider": "provider[\"registry.terraform.io/hashicorp/google\"]",
      "instances": [
        {
          "schema_version": 0,
          "attributes": {
            "disable_dependent_services": null,
            "disable_on_destroy": true,
            "id": "pa-cons-swe-de-2022-mll03/secretmanager.googleapis.com",
            "project": "pa-cons-swe-de-2022-mll03",
            "service": "secretmanager.googleapis.com",
            "timeouts": null
          },
          "sensitive_attributes": [],
          "private": "eyJlMmJmYjczMC1lY2FhLTExZTYtOGY4OC0zNDM2M2JjN2M0YzAiOnsiY3JlYXRlIjoxMjAwMDAwMDAwMDAwLCJkZWxldGUiOjEyMDAwMDAwMDAwMDAsInJlYWQiOjYwMDAwMDAwMDAwMCwidXBkYXRlIjoxMjAwMDAwMDAwMDAwfX0=",
          "dependencies": [
            "google_project.my_project"
          ]
        }
      ]
    },
    {
      "module": "module.init_project_module",
      "mode": "managed",
      "type": "google_project_service",
      "name": "serviceusage_api",
      "provider": "provider[\"registry.terraform.io/hashicorp/google\"]",
      "instances": [
        {
          "schema_version": 0,
          "attributes": {
            "disable_dependent_services": null,
            "disable_on_destroy": true,
            "id": "pa-cons-swe-de-2022-mll03/serviceusage.googleapis.com",
            "project": "pa-cons-swe-de-2022-mll03",
            "service": "serviceusage.googleapis.com",
            "timeouts": null
          },
          "sensitive_attributes": [],
          "private": "eyJlMmJmYjczMC1lY2FhLTExZTYtOGY4OC0zNDM2M2JjN2M0YzAiOnsiY3JlYXRlIjoxMjAwMDAwMDAwMDAwLCJkZWxldGUiOjEyMDAwMDAwMDAwMDAsInJlYWQiOjYwMDAwMDAwMDAwMCwidXBkYXRlIjoxMjAwMDAwMDAwMDAwfX0=",
          "dependencies": [
            "google_project.my_project"
          ]
        }
      ]
    },
    {
      "module": "module.init_project_module",
      "mode": "managed",
      "type": "google_service_account",
      "name": "svc_terraform_admin",
      "provider": "provider[\"registry.terraform.io/hashicorp/google\"]",
      "instances": [
        {
          "schema_version": 0,
          "attributes": {
            "account_id": "svc-terraform-admin",
            "description": "",
            "disabled": false,
            "display_name": "",
            "email": "svc-terraform-admin@pa-cons-swe-de-2022-mll03.iam.gserviceaccount.com",
            "id": "projects/pa-cons-swe-de-2022-mll03/serviceAccounts/svc-terraform-admin@pa-cons-swe-de-2022-mll03.iam.gserviceaccount.com",
            "member": "serviceAccount:svc-terraform-admin@pa-cons-swe-de-2022-mll03.iam.gserviceaccount.com",
            "name": "projects/pa-cons-swe-de-2022-mll03/serviceAccounts/svc-terraform-admin@pa-cons-swe-de-2022-mll03.iam.gserviceaccount.com",
            "project": "pa-cons-swe-de-2022-mll03",
            "timeouts": null,
            "unique_id": "111017627576454419742"
          },
          "sensitive_attributes": [],
          "private": "eyJlMmJmYjczMC1lY2FhLTExZTYtOGY4OC0zNDM2M2JjN2M0YzAiOnsiY3JlYXRlIjozMDAwMDAwMDAwMDB9fQ==",
          "dependencies": [
            "google_project.my_project"
          ]
        }
      ]
    },
    {
      "module": "module.init_project_module",
      "mode": "managed",
      "type": "google_storage_bucket",
      "name": "bucket_terraform_infra",
      "provider": "provider[\"registry.terraform.io/hashicorp/google\"]",
      "instances": [
        {
          "schema_version": 0,
          "attributes": {
            "cors": [],
            "custom_placement_config": [],
            "default_event_based_hold": false,
            "encryption": [],
            "force_destroy": true,
            "id": "pa-cons-swe-de-2022-mll03-terraform-infra",
            "labels": null,
            "lifecycle_rule": [],
            "location": "EU",
            "logging": [],
            "name": "pa-cons-swe-de-2022-mll03-terraform-infra",
            "project": "pa-cons-swe-de-2022-mll03",
            "public_access_prevention": "inherited",
            "requester_pays": true,
            "retention_policy": [],
            "self_link": "https://www.googleapis.com/storage/v1/b/pa-cons-swe-de-2022-mll03-terraform-infra",
            "storage_class": "STANDARD",
            "timeouts": null,
            "uniform_bucket_level_access": true,
            "url": "gs://pa-cons-swe-de-2022-mll03-terraform-infra",
            "versioning": [
              {
                "enabled": true
              }
            ],
            "website": []
          },
          "sensitive_attributes": [],
          "private": "eyJlMmJmYjczMC1lY2FhLTExZTYtOGY4OC0zNDM2M2JjN2M0YzAiOnsiY3JlYXRlIjoyNDAwMDAwMDAwMDAsInJlYWQiOjI0MDAwMDAwMDAwMCwidXBkYXRlIjoyNDAwMDAwMDAwMDB9fQ==",
          "dependencies": [
            "google_project.my_project",
            "module.init_project_module.google_project_iam_binding.storage_admin",
            "module.init_project_module.google_service_account.svc_terraform_admin"
          ]
        }
      ]
    },
    {
      "module": "module.init_project_module",
      "mode": "managed",
      "type": "google_storage_bucket_iam_policy",
      "name": "bucket_terraform_infra_policy_mapping",
      "provider": "provider[\"registry.terraform.io/hashicorp/google\"]",
      "instances": [
        {
          "schema_version": 0,
          "attributes": {
            "bucket": "b/pa-cons-swe-de-2022-mll03-terraform-infra",
            "etag": "CAI=",
            "id": "b/pa-cons-swe-de-2022-mll03-terraform-infra",
            "policy_data": "{\"bindings\":[{\"members\":[\"serviceAccount:svc-terraform-admin@pa-cons-swe-de-2022-mll03.iam.gserviceaccount.com\",\"user:mario.loera@paconsulting.com\"],\"role\":\"roles/storage.objectAdmin\"}]}"
          },
          "sensitive_attributes": [],
          "private": "bnVsbA==",
          "dependencies": [
            "google_project.my_project",
            "module.init_project_module.data.google_iam_policy.bucket_terraform_infra_policy",
            "module.init_project_module.google_project_iam_binding.storage_admin",
            "module.init_project_module.google_service_account.svc_terraform_admin",
            "module.init_project_module.google_storage_bucket.bucket_terraform_infra"
          ]
        }
      ]
    }
  ]
}
